
Microsoft Visual Studio Solution File, Format Version 12.00
# Visual Studio Version 16
VisualStudioVersion = 16.0.31729.503
MinimumVisualStudioVersion = 10.0.40219.1
Project("{FAE04EC0-301F-11D3-BF4B-00C04F79EFBC}") = "ImageTutorial.Android", "ImageTutorial\ImageTutorial.Android\ImageTutorial.Android.csproj", "{C76E75C2-E4D2-4DCB-8BAD-761FD8763293}"
EndProject
Project("{FAE04EC0-301F-11D3-BF4B-00C04F79EFBC}") = "ImageTutorial", "ImageTutorial\ImageTutorial\ImageTutorial.csproj", "{BB5F2908-C0DB-4B7C-9BC6-2D3F7B3BFEA4}"
EndProject
Project("{FAE04EC0-301F-11D3-BF4B-00C04F79EFBC}") = "GridTutorial.Android", "GridTutorial\GridTutorial.Android\GridTutorial.Android.csproj", "{55ADBBB6-B6BB-488B-8AFC-DC757E88014E}"
EndProject
Project("{FAE04EC0-301F-11D3-BF4B-00C04F79EFBC}") = "GridTutorial", "GridTutorial\GridTutorial\GridTutorial.csproj", "{27F4C615-36DB-4EA0-ACC1-A683EE49AF2D}"
EndProject
Project("{FAE04EC0-301F-11D3-BF4B-00C04F79EFBC}") = "CollectionViewTutorial.Android", "CollectionViewTutorial\CollectionViewTutorial.Android\CollectionViewTutorial.Android.csproj", "{16E21298-6108-48C8-89F2-A15095781B45}"
EndProject
Project("{FAE04EC0-301F-11D3-BF4B-00C04F79EFBC}") = "CollectionViewTutorial", "CollectionViewTutorial\CollectionViewTutorial\CollectionViewTutorial.csproj", "{5888B4C3-C86D-4E41-95DC-2E2AEE7BB57D}"
EndProject
Project("{FAE04EC0-301F-11D3-BF4B-00C04F79EFBC}") = "PopupsTutorial.Android", "PopupsTutorial\PopupsTutorial.Android\PopupsTutorial.Android.csproj", "{090F1AA4-DC46-4F1C-9F0E-FC82BB43969C}"
EndProject
Project("{FAE04EC0-301F-11D3-BF4B-00C04F79EFBC}") = "PopupsTutorial", "PopupsTutorial\PopupsTutorial\PopupsTutorial.csproj", "{28D375A3-BFA2-45C0-8C77-C906C39154B5}"
EndProject
Global
	GlobalSection(SolutionConfigurationPlatforms) = preSolution
		Debug|Any CPU = Debug|Any CPU
		Debug|iPhone = Debug|iPhone
		Debug|iPhoneSimulator = Debug|iPhoneSimulator
		Release|Any CPU = Release|Any CPU
		Release|iPhone = Release|iPhone
		Release|iPhoneSimulator = Release|iPhoneSimulator
	EndGlobalSection
	GlobalSection(ProjectConfigurationPlatforms) = postSolution
		{C76E75C2-E4D2-4DCB-8BAD-761FD8763293}.Debug|Any CPU.ActiveCfg = Debug|Any CPU
		{C76E75C2-E4D2-4DCB-8BAD-761FD8763293}.Debug|Any CPU.Build.0 = Debug|Any CPU
		{C76E75C2-E4D2-4DCB-8BAD-761FD8763293}.Debug|Any CPU.Deploy.0 = Debug|Any CPU
		{C76E75C2-E4D2-4DCB-8BAD-761FD8763293}.Debug|iPhone.ActiveCfg = Debug|Any CPU
		{C76E75C2-E4D2-4DCB-8BAD-761FD8763293}.Debug|iPhone.Build.0 = Debug|Any CPU
		{C76E75C2-E4D2-4DCB-8BAD-761FD8763293}.Debug|iPhone.Deploy.0 = Debug|Any CPU
		{C76E75C2-E4D2-4DCB-8BAD-761FD8763293}.Debug|iPhoneSimulator.ActiveCfg = Debug|Any CPU
		{C76E75C2-E4D2-4DCB-8BAD-761FD8763293}.Debug|iPhoneSimulator.Build.0 = Debug|Any CPU
		{C76E75C2-E4D2-4DCB-8BAD-761FD8763293}.Debug|iPhoneSimulator.Deploy.0 = Debug|Any CPU
		{C76E75C2-E4D2-4DCB-8BAD-761FD8763293}.Release|Any CPU.ActiveCfg = Release|Any CPU
		{C76E75C2-E4D2-4DCB-8BAD-761FD8763293}.Release|Any CPU.Build.0 = Release|Any CPU
		{C76E75C2-E4D2-4DCB-8BAD-761FD8763293}.Release|Any CPU.Deploy.0 = Release|Any CPU
		{C76E75C2-E4D2-4DCB-8BAD-761FD8763293}.Release|iPhone.ActiveCfg = Release|Any CPU
		{C76E75C2-E4D2-4DCB-8BAD-761FD8763293}.Release|iPhone.Build.0 = Release|Any CPU
		{C76E75C2-E4D2-4DCB-8BAD-761FD8763293}.Release|iPhone.Deploy.0 = Release|Any CPU
		{C76E75C2-E4D2-4DCB-8BAD-761FD8763293}.Release|iPhoneSimulator.ActiveCfg = Release|Any CPU
		{C76E75C2-E4D2-4DCB-8BAD-761FD8763293}.Release|iPhoneSimulator.Build.0 = Release|Any CPU
		{C76E75C2-E4D2-4DCB-8BAD-761FD8763293}.Release|iPhoneSimulator.Deploy.0 = Release|Any CPU
		{BB5F2908-C0DB-4B7C-9BC6-2D3F7B3BFEA4}.Debug|Any CPU.ActiveCfg = Debug|Any CPU
		{BB5F2908-C0DB-4B7C-9BC6-2D3F7B3BFEA4}.Debug|Any CPU.Build.0 = Debug|Any CPU
		{BB5F2908-C0DB-4B7C-9BC6-2D3F7B3BFEA4}.Debug|Any CPU.Deploy.0 = Debug|Any CPU
		{BB5F2908-C0DB-4B7C-9BC6-2D3F7B3BFEA4}.Debug|iPhone.ActiveCfg = Debug|Any CPU
		{BB5F2908-C0DB-4B7C-9BC6-2D3F7B3BFEA4}.Debug|iPhone.Build.0 = Debug|Any CPU
		{BB5F2908-C0DB-4B7C-9BC6-2D3F7B3BFEA4}.Debug|iPhoneSimulator.ActiveCfg = Debug|Any CPU
		{BB5F2908-C0DB-4B7C-9BC6-2D3F7B3BFEA4}.Debug|iPhoneSimulator.Build.0 = Debug|Any CPU
		{BB5F2908-C0DB-4B7C-9BC6-2D3F7B3BFEA4}.Release|Any CPU.ActiveCfg = Release|Any CPU
		{BB5F2908-C0DB-4B7C-9BC6-2D3F7B3BFEA4}.Release|Any CPU.Build.0 = Release|Any CPU
		{BB5F2908-C0DB-4B7C-9BC6-2D3F7B3BFEA4}.Release|Any CPU.Deploy.0 = Release|Any CPU
		{BB5F2908-C0DB-4B7C-9BC6-2D3F7B3BFEA4}.Release|iPhone.ActiveCfg = Release|Any CPU
		{BB5F2908-C0DB-4B7C-9BC6-2D3F7B3BFEA4}.Release|iPhone.Build.0 = Release|Any CPU
		{BB5F2908-C0DB-4B7C-9BC6-2D3F7B3BFEA4}.Release|iPhoneSimulator.ActiveCfg = Release|Any CPU
		{BB5F2908-C0DB-4B7C-9BC6-2D3F7B3BFEA4}.Release|iPhoneSimulator.Build.0 = Release|Any CPU
		{55ADBBB6-B6BB-488B-8AFC-DC757E88014E}.Debug|Any CPU.ActiveCfg = Debug|Any CPU
		{55ADBBB6-B6BB-488B-8AFC-DC757E88014E}.Debug|Any CPU.Build.0 = Debug|Any CPU
		{55ADBBB6-B6BB-488B-8AFC-DC757E88014E}.Debug|Any CPU.Deploy.0 = Debug|Any CPU
		{55ADBBB6-B6BB-488B-8AFC-DC757E88014E}.Debug|iPhone.ActiveCfg = Debug|Any CPU
		{55ADBBB6-B6BB-488B-8AFC-DC757E88014E}.Debug|iPhone.Build.0 = Debug|Any CPU
		{55ADBBB6-B6BB-488B-8AFC-DC757E88014E}.Debug|iPhone.Deploy.0 = Debug|Any CPU
		{55ADBBB6-B6BB-488B-8AFC-DC757E88014E}.Debug|iPhoneSimulator.ActiveCfg = Debug|Any CPU
		{55ADBBB6-B6BB-488B-8AFC-DC757E88014E}.Debug|iPhoneSimulator.Build.0 = Debug|Any CPU
		{55ADBBB6-B6BB-488B-8AFC-DC757E88014E}.Debug|iPhoneSimulator.Deploy.0 = Debug|Any CPU
		{55ADBBB6-B6BB-488B-8AFC-DC757E88014E}.Release|Any CPU.ActiveCfg = Release|Any CPU
		{55ADBBB6-B6BB-488B-8AFC-DC757E88014E}.Release|Any CPU.Build.0 = Release|Any CPU
		{55ADBBB6-B6BB-488B-8AFC-DC757E88014E}.Release|Any CPU.Deploy.0 = Release|Any CPU
		{55ADBBB6-B6BB-488B-8AFC-DC757E88014E}.Release|iPhone.ActiveCfg = Release|Any CPU
		{55ADBBB6-B6BB-488B-8AFC-DC757E88014E}.Release|iPhone.Build.0 = Release|Any CPU
		{55ADBBB6-B6BB-488B-8AFC-DC757E88014E}.Release|iPhone.Deploy.0 = Release|Any CPU
		{55ADBBB6-B6BB-488B-8AFC-DC757E88014E}.Release|iPhoneSimulator.ActiveCfg = Release|Any CPU
		{55ADBBB6-B6BB-488B-8AFC-DC757E88014E}.Release|iPhoneSimulator.Build.0 = Release|Any CPU
		{55ADBBB6-B6BB-488B-8AFC-DC757E88014E}.Release|iPhoneSimulator.Deploy.0 = Release|Any CPU
		{27F4C615-36DB-4EA0-ACC1-A683EE49AF2D}.Debug|Any CPU.ActiveCfg = Debug|Any CPU
		{27F4C615-36DB-4EA0-ACC1-A683EE49AF2D}.Debug|Any CPU.Build.0 = Debug|Any CPU
		{27F4C615-36DB-4EA0-ACC1-A683EE49AF2D}.Debug|iPhone.ActiveCfg = Debug|Any CPU
		{27F4C615-36DB-4EA0-ACC1-A683EE49AF2D}.Debug|iPhone.Build.0 = Debug|Any CPU
		{27F4C615-36DB-4EA0-ACC1-A683EE49AF2D}.Debug|iPhoneSimulator.ActiveCfg = Debug|Any CPU
		{27F4C615-36DB-4EA0-ACC1-A683EE49AF2D}.Debug|iPhoneSimulator.Build.0 = Debug|Any CPU
		{27F4C615-36DB-4EA0-ACC1-A683EE49AF2D}.Release|Any CPU.ActiveCfg = Release|Any CPU
		{27F4C615-36DB-4EA0-ACC1-A683EE49AF2D}.Release|Any CPU.Build.0 = Release|Any CPU
		{27F4C615-36DB-4EA0-ACC1-A683EE49AF2D}.Release|iPhone.ActiveCfg = Release|Any CPU
		{27F4C615-36DB-4EA0-ACC1-A683EE49AF2D}.Release|iPhone.Build.0 = Release|Any CPU
		{27F4C615-36DB-4EA0-ACC1-A683EE49AF2D}.Release|iPhoneSimulator.ActiveCfg = Release|Any CPU
		{27F4C615-36DB-4EA0-ACC1-A683EE49AF2D}.Release|iPhoneSimulator.Build.0 = Release|Any CPU
		{16E21298-6108-48C8-89F2-A15095781B45}.Debug|Any CPU.ActiveCfg = Debug|Any CPU
		{16E21298-6108-48C8-89F2-A15095781B45}.Debug|Any CPU.Build.0 = Debug|Any CPU
		{16E21298-6108-48C8-89F2-A15095781B45}.Debug|Any CPU.Deploy.0 = Debug|Any CPU
		{16E21298-6108-48C8-89F2-A15095781B45}.Debug|iPhone.ActiveCfg = Debug|Any CPU
		{16E21298-6108-48C8-89F2-A15095781B45}.Debug|iPhone.Build.0 = Debug|Any CPU
		{16E21298-6108-48C8-89F2-A15095781B45}.Debug|iPhone.Deploy.0 = Debug|Any CPU
		{16E21298-6108-48C8-89F2-A15095781B45}.Debug|iPhoneSimulator.ActiveCfg = Debug|Any CPU
		{16E21298-6108-48C8-89F2-A15095781B45}.Debug|iPhoneSimulator.Build.0 = Debug|Any CPU
		{16E21298-6108-48C8-89F2-A15095781B45}.Debug|iPhoneSimulator.Deploy.0 = Debug|Any CPU
		{16E21298-6108-48C8-89F2-A15095781B45}.Release|Any CPU.ActiveCfg = Release|Any CPU
		{16E21298-6108-48C8-89F2-A15095781B45}.Release|Any CPU.Build.0 = Release|Any CPU
		{16E21298-6108-48C8-89F2-A15095781B45}.Release|Any CPU.Deploy.0 = Release|Any CPU
		{16E21298-6108-48C8-89F2-A15095781B45}.Release|iPhone.ActiveCfg = Release|Any CPU
		{16E21298-6108-48C8-89F2-A15095781B45}.Release|iPhone.Build.0 = Release|Any CPU
		{16E21298-6108-48C8-89F2-A15095781B45}.Release|iPhone.Deploy.0 = Release|Any CPU
		{16E21298-6108-48C8-89F2-A15095781B45}.Release|iPhoneSimulator.ActiveCfg = Release|Any CPU
		{16E21298-6108-48C8-89F2-A15095781B45}.Release|iPhoneSimulator.Build.0 = Release|Any CPU
		{16E21298-6108-48C8-89F2-A15095781B45}.Release|iPhoneSimulator.Deploy.0 = Release|Any CPU
		{5888B4C3-C86D-4E41-95DC-2E2AEE7BB57D}.Debug|Any CPU.ActiveCfg = Debug|Any CPU
		{5888B4C3-C86D-4E41-95DC-2E2AEE7BB57D}.Debug|Any CPU.Build.0 = Debug|Any CPU
		{5888B4C3-C86D-4E41-95DC-2E2AEE7BB57D}.Debug|iPhone.ActiveCfg = Debug|Any CPU
		{5888B4C3-C86D-4E41-95DC-2E2AEE7BB57D}.Debug|iPhone.Build.0 = Debug|Any CPU
		{5888B4C3-C86D-4E41-95DC-2E2AEE7BB57D}.Debug|iPhoneSimulator.ActiveCfg = Debug|Any CPU
		{5888B4C3-C86D-4E41-95DC-2E2AEE7BB57D}.Debug|iPhoneSimulator.Build.0 = Debug|Any CPU
		{5888B4C3-C86D-4E41-95DC-2E2AEE7BB57D}.Release|Any CPU.ActiveCfg = Release|Any CPU
		{5888B4C3-C86D-4E41-95DC-2E2AEE7BB57D}.Release|Any CPU.Build.0 = Release|Any CPU
		{5888B4C3-C86D-4E41-95DC-2E2AEE7BB57D}.Release|iPhone.ActiveCfg = Release|Any CPU
		{5888B4C3-C86D-4E41-95DC-2E2AEE7BB57D}.Release|iPhone.Build.0 = Release|Any CPU
		{5888B4C3-C86D-4E41-95DC-2E2AEE7BB57D}.Release|iPhoneSimulator.ActiveCfg = Release|Any CPU
		{5888B4C3-C86D-4E41-95DC-2E2AEE7BB57D}.Release|iPhoneSimulator.Build.0 = Release|Any CPU
		{090F1AA4-DC46-4F1C-9F0E-FC82BB43969C}.Debug|Any CPU.ActiveCfg = Debug|Any CPU
		{090F1AA4-DC46-4F1C-9F0E-FC82BB43969C}.Debug|Any CPU.Build.0 = Debug|Any CPU
		{090F1AA4-DC46-4F1C-9F0E-FC82BB43969C}.Debug|Any CPU.Deploy.0 = Debug|Any CPU
		{090F1AA4-DC46-4F1C-9F0E-FC82BB43969C}.Debug|iPhone.ActiveCfg = Debug|Any CPU
		{090F1AA4-DC46-4F1C-9F0E-FC82BB43969C}.Debug|iPhone.Build.0 = Debug|Any CPU
		{090F1AA4-DC46-4F1C-9F0E-FC82BB43969C}.Debug|iPhone.Deploy.0 = Debug|Any CPU
		{090F1AA4-DC46-4F1C-9F0E-FC82BB43969C}.Debug|iPhoneSimulator.ActiveCfg = Debug|Any CPU
		{090F1AA4-DC46-4F1C-9F0E-FC82BB43969C}.Debug|iPhoneSimulator.Build.0 = Debug|Any CPU
		{090F1AA4-DC46-4F1C-9F0E-FC82BB43969C}.Debug|iPhoneSimulator.Deploy.0 = Debug|Any CPU
		{090F1AA4-DC46-4F1C-9F0E-FC82BB43969C}.Release|Any CPU.ActiveCfg = Release|Any CPU
		{090F1AA4-DC46-4F1C-9F0E-FC82BB43969C}.Release|Any CPU.Build.0 = Release|Any CPU
		{090F1AA4-DC46-4F1C-9F0E-FC82BB43969C}.Release|Any CPU.Deploy.0 = Release|Any CPU
		{090F1AA4-DC46-4F1C-9F0E-FC82BB43969C}.Release|iPhone.ActiveCfg = Release|Any CPU
		{090F1AA4-DC46-4F1C-9F0E-FC82BB43969C}.Release|iPhone.Build.0 = Release|Any CPU
		{090F1AA4-DC46-4F1C-9F0E-FC82BB43969C}.Release|iPhone.Deploy.0 = Release|Any CPU
		{090F1AA4-DC46-4F1C-9F0E-FC82BB43969C}.Release|iPhoneSimulator.ActiveCfg = Release|Any CPU
		{090F1AA4-DC46-4F1C-9F0E-FC82BB43969C}.Release|iPhoneSimulator.Build.0 = Release|Any CPU
		{090F1AA4-DC46-4F1C-9F0E-FC82BB43969C}.Release|iPhoneSimulator.Deploy.0 = Release|Any CPU
		{28D375A3-BFA2-45C0-8C77-C906C39154B5}.Debug|Any CPU.ActiveCfg = Debug|Any CPU
		{28D375A3-BFA2-45C0-8C77-C906C39154B5}.Debug|Any CPU.Build.0 = Debug|Any CPU
		{28D375A3-BFA2-45C0-8C77-C906C39154B5}.Debug|iPhone.ActiveCfg = Debug|Any CPU
		{28D375A3-BFA2-45C0-8C77-C906C39154B5}.Debug|iPhone.Build.0 = Debug|Any CPU
		{28D375A3-BFA2-45C0-8C77-C906C39154B5}.Debug|iPhoneSimulator.ActiveCfg = Debug|Any CPU
		{28D375A3-BFA2-45C0-8C77-C906C39154B5}.Debug|iPhoneSimulator.Build.0 = Debug|Any CPU
		{28D375A3-BFA2-45C0-8C77-C906C39154B5}.Release|Any CPU.ActiveCfg = Release|Any CPU
		{28D375A3-BFA2-45C0-8C77-C906C39154B5}.Release|Any CPU.Build.0 = Release|Any CPU
		{28D375A3-BFA2-45C0-8C77-C906C39154B5}.Release|iPhone.ActiveCfg = Release|Any CPU
		{28D375A3-BFA2-45C0-8C77-C906C39154B5}.Release|iPhone.Build.0 = Release|Any CPU
		{28D375A3-BFA2-45C0-8C77-C906C39154B5}.Release|iPhoneSimulator.ActiveCfg = Release|Any CPU
		{28D375A3-BFA2-45C0-8C77-C906C39154B5}.Release|iPhoneSimulator.Build.0 = Release|Any CPU
	EndGlobalSection
	GlobalSection(SolutionProperties) = preSolution
		HideSolutionNode = FALSE
	EndGlobalSection
	GlobalSection(ExtensibilityGlobals) = postSolution
		SolutionGuid = {061978D1-08DD-4162-8C8A-AA2C0E91AAF9}
	EndGlobalSection
EndGlobal
